
Microsoft Visual Studio Solution File, Format Version 12.00
# Visual Studio Version 17
VisualStudioVersion = 17.0.31825.309
MinimumVisualStudioVersion = 10.0.40219.1
Project("{2150E333-8FDC-42A3-9474-1A3956D46DE8}") = "Services", "Services", "{B801BBBC-F8E6-4B5A-A109-D0CFD8E46C1A}"
EndProject
Project("{2150E333-8FDC-42A3-9474-1A3956D46DE8}") = "Catalog", "Catalog", "{2D6FA791-6329-4C2C-AEAE-C0906D855505}"
EndProject
Project("{2150E333-8FDC-42A3-9474-1A3956D46DE8}") = "tests", "tests", "{0945996D-42EF-4EA3-9AC5-66B45B4DEB91}"
EndProject
Project("{9A19103F-16F7-4668-BE54-9A1E7A4F7556}") = "Catalog.API", "Sevices\Catalog\Catalog.API\Catalog.API.csproj", "{5597FC78-53D0-45D0-AD62-2AF8F26C18D4}"
EndProject
Project("{E53339B2-1760-4266-BCC7-CA923CBCF16C}") = "docker-compose", "docker-compose.dcproj", "{00EE31AC-729C-4556-8FF6-3345E5D8F135}"
EndProject
Project("{9A19103F-16F7-4668-BE54-9A1E7A4F7556}") = "Catalog.UnitTests", "Sevices\Catalog\tests\Catalog.UnitTests\Catalog.UnitTests.csproj", "{7F1F90A6-E0B4-49DE-98BE-3CC1B53FDF82}"
EndProject
Project("{2150E333-8FDC-42A3-9474-1A3956D46DE8}") = "Basket", "Basket", "{7E9DF1B2-9D7E-444D-97B9-D75BF47755EF}"
EndProject
Project("{9A19103F-16F7-4668-BE54-9A1E7A4F7556}") = "Basket.API", "Sevices\Basket\Basket.API\Basket.API.csproj", "{8EEAC7FF-BFDD-4E8C-BD3C-2ED68DB8F92E}"
EndProject
Project("{2150E333-8FDC-42A3-9474-1A3956D46DE8}") = "tests", "tests", "{0C711DE4-C667-4FD2-8436-396825919C4B}"
EndProject
Project("{9A19103F-16F7-4668-BE54-9A1E7A4F7556}") = "Basket.UnitTests", "Sevices\Basket\tests\Basket.UnitTests\Basket.UnitTests.csproj", "{5037DE9B-3C21-429F-A647-E0D56A961CDC}"
EndProject
Project("{2150E333-8FDC-42A3-9474-1A3956D46DE8}") = "Discount", "Discount", "{E1FA9B65-B89F-4C4C-968F-40561DAE5BED}"
EndProject
Project("{9A19103F-16F7-4668-BE54-9A1E7A4F7556}") = "Discount.API", "Sevices\Discount\Discount.API\Discount.API.csproj", "{3EB66186-8248-4103-89AA-A053EF2C9D24}"
EndProject
Project("{9A19103F-16F7-4668-BE54-9A1E7A4F7556}") = "Discount.gRPC", "Sevices\Discount\Discount.gRPC\Discount.gRPC.csproj", "{7E8D7180-080B-4D9C-A564-21E9C550ED30}"
EndProject
Project("{2150E333-8FDC-42A3-9474-1A3956D46DE8}") = "Ordering", "Ordering", "{F391D893-A403-4A38-AA2F-273E69C14081}"
EndProject
Project("{9A19103F-16F7-4668-BE54-9A1E7A4F7556}") = "Ordering.API", "Sevices\Ordering\Ordering.API\Ordering.API.csproj", "{86E13C4C-3060-4AEB-B51C-A9D2804C470F}"
EndProject
Project("{FAE04EC0-301F-11D3-BF4B-00C04F79EFBC}") = "Ordering.Domain", "Sevices\Ordering\Ordering.Domain\Ordering.Domain.csproj", "{F7A39C5D-9C73-42CF-ADD7-3CE12E392BD8}"
EndProject
Project("{FAE04EC0-301F-11D3-BF4B-00C04F79EFBC}") = "Ordering.Application", "Sevices\Ordering\Ordering.Application\Ordering.Application.csproj", "{D687F845-1757-4D2A-9C6B-AB4B4922B7AD}"
EndProject
Project("{FAE04EC0-301F-11D3-BF4B-00C04F79EFBC}") = "Ordering.Infrastructure", "Sevices\Ordering\Ordering.Infrastructure\Ordering.Infrastructure.csproj", "{6BFC7EF3-75CD-4EB3-B696-BF516F61CCC2}"
EndProject
Global
	GlobalSection(SolutionConfigurationPlatforms) = preSolution
		Debug|Any CPU = Debug|Any CPU
		Release|Any CPU = Release|Any CPU
	EndGlobalSection
	GlobalSection(ProjectConfigurationPlatforms) = postSolution
		{5597FC78-53D0-45D0-AD62-2AF8F26C18D4}.Debug|Any CPU.ActiveCfg = Debug|Any CPU
		{5597FC78-53D0-45D0-AD62-2AF8F26C18D4}.Debug|Any CPU.Build.0 = Debug|Any CPU
		{5597FC78-53D0-45D0-AD62-2AF8F26C18D4}.Release|Any CPU.ActiveCfg = Release|Any CPU
		{5597FC78-53D0-45D0-AD62-2AF8F26C18D4}.Release|Any CPU.Build.0 = Release|Any CPU
		{00EE31AC-729C-4556-8FF6-3345E5D8F135}.Debug|Any CPU.ActiveCfg = Debug|Any CPU
		{00EE31AC-729C-4556-8FF6-3345E5D8F135}.Debug|Any CPU.Build.0 = Debug|Any CPU
		{00EE31AC-729C-4556-8FF6-3345E5D8F135}.Release|Any CPU.ActiveCfg = Release|Any CPU
		{00EE31AC-729C-4556-8FF6-3345E5D8F135}.Release|Any CPU.Build.0 = Release|Any CPU
		{7F1F90A6-E0B4-49DE-98BE-3CC1B53FDF82}.Debug|Any CPU.ActiveCfg = Debug|Any CPU
		{7F1F90A6-E0B4-49DE-98BE-3CC1B53FDF82}.Debug|Any CPU.Build.0 = Debug|Any CPU
		{7F1F90A6-E0B4-49DE-98BE-3CC1B53FDF82}.Release|Any CPU.ActiveCfg = Release|Any CPU
		{7F1F90A6-E0B4-49DE-98BE-3CC1B53FDF82}.Release|Any CPU.Build.0 = Release|Any CPU
		{8EEAC7FF-BFDD-4E8C-BD3C-2ED68DB8F92E}.Debug|Any CPU.ActiveCfg = Debug|Any CPU
		{8EEAC7FF-BFDD-4E8C-BD3C-2ED68DB8F92E}.Debug|Any CPU.Build.0 = Debug|Any CPU
		{8EEAC7FF-BFDD-4E8C-BD3C-2ED68DB8F92E}.Release|Any CPU.ActiveCfg = Release|Any CPU
		{8EEAC7FF-BFDD-4E8C-BD3C-2ED68DB8F92E}.Release|Any CPU.Build.0 = Release|Any CPU
		{5037DE9B-3C21-429F-A647-E0D56A961CDC}.Debug|Any CPU.ActiveCfg = Debug|Any CPU
		{5037DE9B-3C21-429F-A647-E0D56A961CDC}.Debug|Any CPU.Build.0 = Debug|Any CPU
		{5037DE9B-3C21-429F-A647-E0D56A961CDC}.Release|Any CPU.ActiveCfg = Release|Any CPU
		{5037DE9B-3C21-429F-A647-E0D56A961CDC}.Release|Any CPU.Build.0 = Release|Any CPU
		{3EB66186-8248-4103-89AA-A053EF2C9D24}.Debug|Any CPU.ActiveCfg = Debug|Any CPU
		{3EB66186-8248-4103-89AA-A053EF2C9D24}.Debug|Any CPU.Build.0 = Debug|Any CPU
		{3EB66186-8248-4103-89AA-A053EF2C9D24}.Release|Any CPU.ActiveCfg = Release|Any CPU
		{3EB66186-8248-4103-89AA-A053EF2C9D24}.Release|Any CPU.Build.0 = Release|Any CPU
		{7E8D7180-080B-4D9C-A564-21E9C550ED30}.Debug|Any CPU.ActiveCfg = Debug|Any CPU
		{7E8D7180-080B-4D9C-A564-21E9C550ED30}.Debug|Any CPU.Build.0 = Debug|Any CPU
		{7E8D7180-080B-4D9C-A564-21E9C550ED30}.Release|Any CPU.ActiveCfg = Release|Any CPU
		{7E8D7180-080B-4D9C-A564-21E9C550ED30}.Release|Any CPU.Build.0 = Release|Any CPU
		{86E13C4C-3060-4AEB-B51C-A9D2804C470F}.Debug|Any CPU.ActiveCfg = Debug|Any CPU
		{86E13C4C-3060-4AEB-B51C-A9D2804C470F}.Debug|Any CPU.Build.0 = Debug|Any CPU
		{86E13C4C-3060-4AEB-B51C-A9D2804C470F}.Release|Any CPU.ActiveCfg = Release|Any CPU
		{86E13C4C-3060-4AEB-B51C-A9D2804C470F}.Release|Any CPU.Build.0 = Release|Any CPU
		{F7A39C5D-9C73-42CF-ADD7-3CE12E392BD8}.Debug|Any CPU.ActiveCfg = Debug|Any CPU
		{F7A39C5D-9C73-42CF-ADD7-3CE12E392BD8}.Debug|Any CPU.Build.0 = Debug|Any CPU
		{F7A39C5D-9C73-42CF-ADD7-3CE12E392BD8}.Release|Any CPU.ActiveCfg = Release|Any CPU
		{F7A39C5D-9C73-42CF-ADD7-3CE12E392BD8}.Release|Any CPU.Build.0 = Release|Any CPU
		{D687F845-1757-4D2A-9C6B-AB4B4922B7AD}.Debug|Any CPU.ActiveCfg = Debug|Any CPU
		{D687F845-1757-4D2A-9C6B-AB4B4922B7AD}.Debug|Any CPU.Build.0 = Debug|Any CPU
		{D687F845-1757-4D2A-9C6B-AB4B4922B7AD}.Release|Any CPU.ActiveCfg = Release|Any CPU
		{D687F845-1757-4D2A-9C6B-AB4B4922B7AD}.Release|Any CPU.Build.0 = Release|Any CPU
		{6BFC7EF3-75CD-4EB3-B696-BF516F61CCC2}.Debug|Any CPU.ActiveCfg = Debug|Any CPU
		{6BFC7EF3-75CD-4EB3-B696-BF516F61CCC2}.Debug|Any CPU.Build.0 = Debug|Any CPU
		{6BFC7EF3-75CD-4EB3-B696-BF516F61CCC2}.Release|Any CPU.ActiveCfg = Release|Any CPU
		{6BFC7EF3-75CD-4EB3-B696-BF516F61CCC2}.Release|Any CPU.Build.0 = Release|Any CPU
	EndGlobalSection
	GlobalSection(SolutionProperties) = preSolution
		HideSolutionNode = FALSE
	EndGlobalSection
	GlobalSection(NestedProjects) = preSolution
		{2D6FA791-6329-4C2C-AEAE-C0906D855505} = {B801BBBC-F8E6-4B5A-A109-D0CFD8E46C1A}
		{0945996D-42EF-4EA3-9AC5-66B45B4DEB91} = {2D6FA791-6329-4C2C-AEAE-C0906D855505}
		{5597FC78-53D0-45D0-AD62-2AF8F26C18D4} = {2D6FA791-6329-4C2C-AEAE-C0906D855505}
		{7F1F90A6-E0B4-49DE-98BE-3CC1B53FDF82} = {0945996D-42EF-4EA3-9AC5-66B45B4DEB91}
		{7E9DF1B2-9D7E-444D-97B9-D75BF47755EF} = {B801BBBC-F8E6-4B5A-A109-D0CFD8E46C1A}
		{8EEAC7FF-BFDD-4E8C-BD3C-2ED68DB8F92E} = {7E9DF1B2-9D7E-444D-97B9-D75BF47755EF}
		{0C711DE4-C667-4FD2-8436-396825919C4B} = {7E9DF1B2-9D7E-444D-97B9-D75BF47755EF}
		{5037DE9B-3C21-429F-A647-E0D56A961CDC} = {0C711DE4-C667-4FD2-8436-396825919C4B}
		{E1FA9B65-B89F-4C4C-968F-40561DAE5BED} = {B801BBBC-F8E6-4B5A-A109-D0CFD8E46C1A}
		{3EB66186-8248-4103-89AA-A053EF2C9D24} = {E1FA9B65-B89F-4C4C-968F-40561DAE5BED}
		{7E8D7180-080B-4D9C-A564-21E9C550ED30} = {E1FA9B65-B89F-4C4C-968F-40561DAE5BED}
		{F391D893-A403-4A38-AA2F-273E69C14081} = {B801BBBC-F8E6-4B5A-A109-D0CFD8E46C1A}
		{86E13C4C-3060-4AEB-B51C-A9D2804C470F} = {F391D893-A403-4A38-AA2F-273E69C14081}
		{F7A39C5D-9C73-42CF-ADD7-3CE12E392BD8} = {F391D893-A403-4A38-AA2F-273E69C14081}
		{D687F845-1757-4D2A-9C6B-AB4B4922B7AD} = {F391D893-A403-4A38-AA2F-273E69C14081}
		{6BFC7EF3-75CD-4EB3-B696-BF516F61CCC2} = {F391D893-A403-4A38-AA2F-273E69C14081}
	EndGlobalSection
	GlobalSection(ExtensibilityGlobals) = postSolution
		SolutionGuid = {A8BC6A42-C2BA-423E-9E58-082C4CC72AB6}
	EndGlobalSection
EndGlobal
